
Microsoft Visual Studio Solution File, Format Version 12.00
# Visual Studio Version 17
VisualStudioVersion = 17.11.35222.181
MinimumVisualStudioVersion = 10.0.40219.1
Project("{FAE04EC0-301F-11D3-BF4B-00C04F79EFBC}") = "PracLMSDemo", "PracLMSDemo\PracLMSDemo.csproj", "{DDCC075F-5E30-4EE9-A47E-D6D36FE24BC7}"
EndProject
Global
	GlobalSection(SolutionConfigurationPlatforms) = preSolution
		Debug|Any CPU = Debug|Any CPU
		Release|Any CPU = Release|Any CPU
	EndGlobalSection
	GlobalSection(ProjectConfigurationPlatforms) = postSolution
		{DDCC075F-5E30-4EE9-A47E-D6D36FE24BC7}.Debug|Any CPU.ActiveCfg = Debug|Any CPU
		{DDCC075F-5E30-4EE9-A47E-D6D36FE24BC7}.Debug|Any CPU.Build.0 = Debug|Any CPU
		{DDCC075F-5E30-4EE9-A47E-D6D36FE24BC7}.Release|Any CPU.ActiveCfg = Release|Any CPU
		{DDCC075F-5E30-4EE9-A47E-D6D36FE24BC7}.Release|Any CPU.Build.0 = Release|Any CPU
	EndGlobalSection
	GlobalSection(SolutionProperties) = preSolution
		HideSolutionNode = FALSE
	EndGlobalSection
	GlobalSection(ExtensibilityGlobals) = postSolution
		SolutionGuid = {CFC7D8E3-D666-4DEC-AF35-1996B2A9D56A}
	EndGlobalSection
EndGlobal
